
Microsoft Visual Studio Solution File, Format Version 12.00
# Visual Studio Version 16
VisualStudioVersion = 16.0.30011.22
MinimumVisualStudioVersion = 10.0.40219.1
Project("{FAE04EC0-301F-11D3-BF4B-00C04F79EFBC}") = "pra.streams.cursus01.WPF", "pra.streams.cursus01.WPF\pra.streams.cursus01.WPF.csproj", "{6CF46F18-4C2B-46EC-9119-C239145B713B}"
EndProject
Global
	GlobalSection(SolutionConfigurationPlatforms) = preSolution
		Debug|Any CPU = Debug|Any CPU
		Release|Any CPU = Release|Any CPU
	EndGlobalSection
	GlobalSection(ProjectConfigurationPlatforms) = postSolution
		{6CF46F18-4C2B-46EC-9119-C239145B713B}.Debug|Any CPU.ActiveCfg = Debug|Any CPU
		{6CF46F18-4C2B-46EC-9119-C239145B713B}.Debug|Any CPU.Build.0 = Debug|Any CPU
		{6CF46F18-4C2B-46EC-9119-C239145B713B}.Release|Any CPU.ActiveCfg = Release|Any CPU
		{6CF46F18-4C2B-46EC-9119-C239145B713B}.Release|Any CPU.Build.0 = Release|Any CPU
	EndGlobalSection
	GlobalSection(SolutionProperties) = preSolution
		HideSolutionNode = FALSE
	EndGlobalSection
	GlobalSection(ExtensibilityGlobals) = postSolution
		SolutionGuid = {13EBE836-48D6-4232-AC63-453D2F0D5455}
	EndGlobalSection
EndGlobal
